<?xml version="1.0" encoding="utf-8"?>
<Project ToolsVersion="4.0" xmlns="http://schemas.microsoft.com/developer/msbuild/2003">
  <ItemGroup>
    <Filter Include="Source Files">
      <UniqueIdentifier>{4FC737F1-C7A5-4376-A066-2A32D752A2FF}</UniqueIdentifier>
      <Extensions>cpp;c;cc;cxx;c++;cppm;ixx;def;odl;idl;hpj;bat;asm;asmx</Extensions>
    </Filter>
    <Filter Include="Header Files">
      <UniqueIdentifier>{93995380-89BD-4b04-88EB-625FBE52EBFB}</UniqueIdentifier>
      <Extensions>h;hh;hpp;hxx;h++;hm;inl;inc;ipp;xsd</Extensions>
    </Filter>
    <Filter Include="Resource Files">
      <UniqueIdentifier>{67DA6AB6-F800-4c08-8B7A-83BB121AAD01}</UniqueIdentifier>
      <Extensions>rc;ico;cur;bmp;dlg;rc2;rct;bin;rgs;gif;jpg;jpeg;jpe;resx;tiff;tif;png;wav;mfcribbon-ms</Extensions>
    </Filter>
    <Filter Include="Header Files\shared">
      <UniqueIdentifier>{5a92ea6f-394f-40d7-9f0d-848fdeb6ee05}</UniqueIdentifier>
    </Filter>
    <Filter Include="Source Files\shared">
      <UniqueIdentifier>{55cb4e87-2919-4758-a891-337867b60a57}</UniqueIdentifier>
    </Filter>
    <Filter Include="Resource Files\Shaders">
      <UniqueIdentifier>{1494d5de-91b3-4e55-819a-39d79f17ce66}</UniqueIdentifier>
    </Filter>
  </ItemGroup>
  <ItemGroup>
    <ClCompile Include="SpringSimulation.cpp">
      <Filter>Source Files</Filter>
    </ClCompile>
    <ClCompile Include="src\HookeSpring.cpp">
      <Filter>Source Files</Filter>
    </ClCompile>
    <ClCompile Include="src\PhysicsRenderer.cpp">
      <Filter>Source Files</Filter>
    </ClCompile>
    <ClCompile Include="src\GraphicsRenderer.cpp">
      <Filter>Source Files</Filter>
    </ClCompile>
    <ClCompile Include="src\ObjReader.cpp">
      <Filter>Source Files</Filter>
    </ClCompile>
    <ClCompile Include="src\VR_CG_OpenGL.cpp">
      <Filter>Source Files</Filter>
    </ClCompile>
    <ClCompile Include="src\VR_Application.cpp">
      <Filter>Source Files</Filter>
    </ClCompile>
    <ClCompile Include="shared\lodepng.cpp">
      <Filter>Source Files\shared</Filter>
    </ClCompile>
    <ClCompile Include="shared\Matrices.cpp">
      <Filter>Source Files\shared</Filter>
    </ClCompile>
    <ClCompile Include="shared\pathtools.cpp">
      <Filter>Source Files\shared</Filter>
    </ClCompile>
    <ClCompile Include="shared\strtools.cpp">
      <Filter>Source Files\shared</Filter>
    </ClCompile>
    <ClCompile Include="inc\UniversalHeadrs.h">
      <Filter>Header Files</Filter>
    </ClCompile>
    <ClCompile Include="src\Player.cpp">
      <Filter>Source Files</Filter>
    </ClCompile>
    <ClCompile Include="src\Tool.cpp">
      <Filter>Source Files</Filter>
    </ClCompile>
    <ClCompile Include="src\CubeMap.cpp">
      <Filter>Source Files</Filter>
    </ClCompile>
    <ClCompile Include="src\StaticPlayer.cpp">
      <Filter>Source Files</Filter>
    </ClCompile>
    <ClCompile Include="src\DynamicPlayer.cpp">
      <Filter>Source Files</Filter>
    </ClCompile>
  </ItemGroup>
  <ItemGroup>
    <ClInclude Include="inc\HookeSpring.h">
      <Filter>Header Files</Filter>
    </ClInclude>
    <ClInclude Include="inc\PhysicsRenderer.h">
      <Filter>Header Files</Filter>
    </ClInclude>
    <ClInclude Include="inc\GraphicsRenderer.h">
      <Filter>Header Files</Filter>
    </ClInclude>
    <ClInclude Include="inc\VR_CG_OpenGL.h">
      <Filter>Header Files</Filter>
    </ClInclude>
    <ClInclude Include="inc\ObjReader.h">
      <Filter>Header Files</Filter>
    </ClInclude>
    <ClInclude Include="inc\VR_Application.h">
      <Filter>Header Files</Filter>
    </ClInclude>
    <ClInclude Include="shared\compat.h">
      <Filter>Header Files\shared</Filter>
    </ClInclude>
    <ClInclude Include="shared\lodepng.h">
      <Filter>Header Files\shared</Filter>
    </ClInclude>
    <ClInclude Include="shared\Matrices.h">
      <Filter>Header Files\shared</Filter>
    </ClInclude>
    <ClInclude Include="shared\pathtools.h">
      <Filter>Header Files\shared</Filter>
    </ClInclude>
    <ClInclude Include="shared\strtools.h">
      <Filter>Header Files\shared</Filter>
    </ClInclude>
    <ClInclude Include="shared\Vectors.h">
      <Filter>Header Files\shared</Filter>
    </ClInclude>
    <ClInclude Include="inc\Player.h">
      <Filter>Header Files</Filter>
    </ClInclude>
    <ClInclude Include="inc\Tool.h">
      <Filter>Header Files</Filter>
    </ClInclude>
    <ClInclude Include="inc\CubeMap.h">
      <Filter>Header Files</Filter>
    </ClInclude>
    <ClInclude Include="inc\DynamicPlayer.h">
      <Filter>Header Files</Filter>
    </ClInclude>
    <ClInclude Include="inc\StaticPlayer.h">
      <Filter>Header Files</Filter>
    </ClInclude>
  </ItemGroup>
  <ItemGroup>
    <None Include="README.md">
      <Filter>Resource Files</Filter>
    </None>
    <None Include="Shaders\skybox.vert">
      <Filter>Resource Files\Shaders</Filter>
    </None>
    <None Include="Shaders\skybox.frag">
      <Filter>Resource Files\Shaders</Filter>
    </None>
  </ItemGroup>
</Project>